{
  "pins" : [
    {
      "identity" : "facebook-ios-sdk",
      "kind" : "remoteSourceControl",
      "location" : "https://github.com/facebook/facebook-ios-sdk",
      "state" : {
        "revision" : "46a0b7416b20d86c36227f439026dc8102d5e7e2",
        "version" : "9.2.0"
      }
    }
  ],
  "version" : 2
}
